packages:
  - name: RRProject_jaffleshop
    private: rrchorly/dbtfundamentals
    revision: 97779d724c3bf01bb08afd736152cf94a2bfbcfd
  - name: dbt_utils
    package: dbt-labs/dbt_utils
    version: 1.3.0
  - name: logging
    package: dbt-labs/logging
    version: 0.8.0
  - name: codegen
    package: dbt-labs/codegen
    version: 0.13.1
  - name: dbt_constraints
    package: Snowflake-Labs/dbt_constraints
    version: 1.0.4
  - name: snowplow_utils
    package: snowplow/snowplow_utils
    version: 0.17.2
  - name: dbt_artifacts
    package: brooklyn-data/dbt_artifacts
    version: 2.9.3
  - name: elementary
    package: elementary-data/elementary
    version: 0.18.3
sha1_hash: a6fd7a715d5574587a6bad1e7d8f19b00235aa1f
